// !$*UTF8*$!
{
	archiveVersion = 1;
	classes = {
	};
	objectVersion = 50;
	objects = {

/* Begin PBXBuildFile section */
		75CD9C3E2332E8D30004C45B /* AppDelegate.m in Sources */ = {isa = PBXBuildFile; fileRef = 75CD9C3D2332E8D30004C45B /* AppDelegate.m */; };
		75CD9C412332E8D30004C45B /* RSSFeedReaderViewController.m in Sources */ = {isa = PBXBuildFile; fileRef = 75CD9C402332E8D30004C45B /* RSSFeedReaderViewController.m */; };
		75CD9C462332E8D60004C45B /* Assets.xcassets in Resources */ = {isa = PBXBuildFile; fileRef = 75CD9C452332E8D60004C45B /* Assets.xcassets */; };
		75CD9C492332E8D60004C45B /* LaunchScreen.storyboard in Resources */ = {isa = PBXBuildFile; fileRef = 75CD9C472332E8D60004C45B /* LaunchScreen.storyboard */; };
		75CD9C4C2332E8D60004C45B /* main.m in Sources */ = {isa = PBXBuildFile; fileRef = 75CD9C4B2332E8D60004C45B /* main.m */; };
		75CD9C562332E8D70004C45B /* RSSFeedReaderTests.m in Sources */ = {isa = PBXBuildFile; fileRef = 75CD9C552332E8D70004C45B /* RSSFeedReaderTests.m */; };
		75CD9C612332E8D70004C45B /* RSSFeedReaderUITests.m in Sources */ = {isa = PBXBuildFile; fileRef = 75CD9C602332E8D70004C45B /* RSSFeedReaderUITests.m */; };
		75CD9C732332EF070004C45B /* RSSParser.m in Sources */ = {isa = PBXBuildFile; fileRef = 75CD9C722332EF070004C45B /* RSSParser.m */; };
		75CD9C762332FA920004C45B /* Article.m in Sources */ = {isa = PBXBuildFile; fileRef = 75CD9C752332FA920004C45B /* Article.m */; };
		75CD9C7923330ADD0004C45B /* Media.m in Sources */ = {isa = PBXBuildFile; fileRef = 75CD9C7823330ADD0004C45B /* Media.m */; };
		75CD9C7C23332F170004C45B /* RSSFeedReaderLayout.m in Sources */ = {isa = PBXBuildFile; fileRef = 75CD9C7B23332F170004C45B /* RSSFeedReaderLayout.m */; };
		75CD9C7F233332350004C45B /* FeedPostCell.m in Sources */ = {isa = PBXBuildFile; fileRef = 75CD9C7E233332350004C45B /* FeedPostCell.m */; };
		75CD9C82233353B30004C45B /* WebPageViewController.m in Sources */ = {isa = PBXBuildFile; fileRef = 75CD9C81233353B30004C45B /* WebPageViewController.m */; };
		75CD9C8523342B320004C45B /* CardView.m in Sources */ = {isa = PBXBuildFile; fileRef = 75CD9C8423342B320004C45B /* CardView.m */; };
		75CD9C88233433970004C45B /* Utils.m in Sources */ = {isa = PBXBuildFile; fileRef = 75CD9C87233433970004C45B /* Utils.m */; };
/* End PBXBuildFile section */

/* Begin PBXContainerItemProxy section */
		75CD9C522332E8D70004C45B /* PBXContainerItemProxy */ = {
			isa = PBXContainerItemProxy;
			containerPortal = 75CD9C312332E8D30004C45B /* Project object */;
			proxyType = 1;
			remoteGlobalIDString = 75CD9C382332E8D30004C45B;
			remoteInfo = RSSFeedReader;
		};
		75CD9C5D2332E8D70004C45B /* PBXContainerItemProxy */ = {
			isa = PBXContainerItemProxy;
			containerPortal = 75CD9C312332E8D30004C45B /* Project object */;
			proxyType = 1;
			remoteGlobalIDString = 75CD9C382332E8D30004C45B;
			remoteInfo = RSSFeedReader;
		};
/* End PBXContainerItemProxy section */

/* Begin PBXFileReference section */
		75CD9C392332E8D30004C45B /* RSSFeedReader.app */ = {isa = PBXFileReference; explicitFileType = wrapper.application; includeInIndex = 0; path = RSSFeedReader.app; sourceTree = BUILT_PRODUCTS_DIR; };
		75CD9C3C2332E8D30004C45B /* AppDelegate.h */ = {isa = PBXFileReference; lastKnownFileType = sourcecode.c.h; path = AppDelegate.h; sourceTree = "<group>"; };
		75CD9C3D2332E8D30004C45B /* AppDelegate.m */ = {isa = PBXFileReference; lastKnownFileType = sourcecode.c.objc; path = AppDelegate.m; sourceTree = "<group>"; };
		75CD9C3F2332E8D30004C45B /* RSSFeedReaderViewController.h */ = {isa = PBXFileReference; lastKnownFileType = sourcecode.c.h; path = RSSFeedReaderViewController.h; sourceTree = "<group>"; };
		75CD9C402332E8D30004C45B /* RSSFeedReaderViewController.m */ = {isa = PBXFileReference; lastKnownFileType = sourcecode.c.objc; path = RSSFeedReaderViewController.m; sourceTree = "<group>"; };
		75CD9C452332E8D60004C45B /* Assets.xcassets */ = {isa = PBXFileReference; lastKnownFileType = folder.assetcatalog; path = Assets.xcassets; sourceTree = "<group>"; };
		75CD9C482332E8D60004C45B /* Base */ = {isa = PBXFileReference; lastKnownFileType = file.storyboard; name = Base; path = Base.lproj/LaunchScreen.storyboard; sourceTree = "<group>"; };
		75CD9C4A2332E8D60004C45B /* Info.plist */ = {isa = PBXFileReference; lastKnownFileType = text.plist.xml; path = Info.plist; sourceTree = "<group>"; };
		75CD9C4B2332E8D60004C45B /* main.m */ = {isa = PBXFileReference; lastKnownFileType = sourcecode.c.objc; path = main.m; sourceTree = "<group>"; };
		75CD9C512332E8D70004C45B /* RSSFeedReaderTests.xctest */ = {isa = PBXFileReference; explicitFileType = wrapper.cfbundle; includeInIndex = 0; path = RSSFeedReaderTests.xctest; sourceTree = BUILT_PRODUCTS_DIR; };
		75CD9C552332E8D70004C45B /* RSSFeedReaderTests.m */ = {isa = PBXFileReference; lastKnownFileType = sourcecode.c.objc; path = RSSFeedReaderTests.m; sourceTree = "<group>"; };
		75CD9C572332E8D70004C45B /* Info.plist */ = {isa = PBXFileReference; lastKnownFileType = text.plist.xml; path = Info.plist; sourceTree = "<group>"; };
		75CD9C5C2332E8D70004C45B /* RSSFeedReaderUITests.xctest */ = {isa = PBXFileReference; explicitFileType = wrapper.cfbundle; includeInIndex = 0; path = RSSFeedReaderUITests.xctest; sourceTree = BUILT_PRODUCTS_DIR; };
		75CD9C602332E8D70004C45B /* RSSFeedReaderUITests.m */ = {isa = PBXFileReference; lastKnownFileType = sourcecode.c.objc; path = RSSFeedReaderUITests.m; sourceTree = "<group>"; };
		75CD9C622332E8D70004C45B /* Info.plist */ = {isa = PBXFileReference; lastKnownFileType = text.plist.xml; path = Info.plist; sourceTree = "<group>"; };
		75CD9C712332EF070004C45B /* RSSParser.h */ = {isa = PBXFileReference; lastKnownFileType = sourcecode.c.h; path = RSSParser.h; sourceTree = "<group>"; };
		75CD9C722332EF070004C45B /* RSSParser.m */ = {isa = PBXFileReference; lastKnownFileType = sourcecode.c.objc; path = RSSParser.m; sourceTree = "<group>"; };
		75CD9C742332FA920004C45B /* Article.h */ = {isa = PBXFileReference; lastKnownFileType = sourcecode.c.h; path = Article.h; sourceTree = "<group>"; };
		75CD9C752332FA920004C45B /* Article.m */ = {isa = PBXFileReference; lastKnownFileType = sourcecode.c.objc; path = Article.m; sourceTree = "<group>"; };
		75CD9C7723330ADD0004C45B /* Media.h */ = {isa = PBXFileReference; lastKnownFileType = sourcecode.c.h; path = Media.h; sourceTree = "<group>"; };
		75CD9C7823330ADD0004C45B /* Media.m */ = {isa = PBXFileReference; lastKnownFileType = sourcecode.c.objc; path = Media.m; sourceTree = "<group>"; };
		75CD9C7A23332F170004C45B /* RSSFeedReaderLayout.h */ = {isa = PBXFileReference; lastKnownFileType = sourcecode.c.h; path = RSSFeedReaderLayout.h; sourceTree = "<group>"; };
		75CD9C7B23332F170004C45B /* RSSFeedReaderLayout.m */ = {isa = PBXFileReference; lastKnownFileType = sourcecode.c.objc; path = RSSFeedReaderLayout.m; sourceTree = "<group>"; };
		75CD9C7D233332350004C45B /* FeedPostCell.h */ = {isa = PBXFileReference; lastKnownFileType = sourcecode.c.h; path = FeedPostCell.h; sourceTree = "<group>"; };
		75CD9C7E233332350004C45B /* FeedPostCell.m */ = {isa = PBXFileReference; lastKnownFileType = sourcecode.c.objc; path = FeedPostCell.m; sourceTree = "<group>"; };
		75CD9C80233353B30004C45B /* WebPageViewController.h */ = {isa = PBXFileReference; lastKnownFileType = sourcecode.c.h; path = WebPageViewController.h; sourceTree = "<group>"; };
		75CD9C81233353B30004C45B /* WebPageViewController.m */ = {isa = PBXFileReference; lastKnownFileType = sourcecode.c.objc; path = WebPageViewController.m; sourceTree = "<group>"; };
		75CD9C8323342B320004C45B /* CardView.h */ = {isa = PBXFileReference; lastKnownFileType = sourcecode.c.h; path = CardView.h; sourceTree = "<group>"; };
		75CD9C8423342B320004C45B /* CardView.m */ = {isa = PBXFileReference; lastKnownFileType = sourcecode.c.objc; path = CardView.m; sourceTree = "<group>"; };
		75CD9C86233433970004C45B /* Utils.h */ = {isa = PBXFileReference; lastKnownFileType = sourcecode.c.h; path = Utils.h; sourceTree = "<group>"; };
		75CD9C87233433970004C45B /* Utils.m */ = {isa = PBXFileReference; lastKnownFileType = sourcecode.c.objc; path = Utils.m; sourceTree = "<group>"; };
/* End PBXFileReference section */

/* Begin PBXFrameworksBuildPhase section */
		75CD9C362332E8D30004C45B /* Frameworks */ = {
			isa = PBXFrameworksBuildPhase;
			buildActionMask = 2147483647;
			files = (
			);
			runOnlyForDeploymentPostprocessing = 0;
		};
		75CD9C4E2332E8D70004C45B /* Frameworks */ = {
			isa = PBXFrameworksBuildPhase;
			buildActionMask = 2147483647;
			files = (
			);
			runOnlyForDeploymentPostprocessing = 0;
		};
		75CD9C592332E8D70004C45B /* Frameworks */ = {
			isa = PBXFrameworksBuildPhase;
			buildActionMask = 2147483647;
			files = (
			);
			runOnlyForDeploymentPostprocessing = 0;
		};
/* End PBXFrameworksBuildPhase section */

/* Begin PBXGroup section */
		75CD9C302332E8D30004C45B = {
			isa = PBXGroup;
			children = (
				75CD9C3B2332E8D30004C45B /* RSSFeedReader */,
				75CD9C542332E8D70004C45B /* RSSFeedReaderTests */,
				75CD9C5F2332E8D70004C45B /* RSSFeedReaderUITests */,
				75CD9C3A2332E8D30004C45B /* Products */,
			);
			sourceTree = "<group>";
		};
		75CD9C3A2332E8D30004C45B /* Products */ = {
			isa = PBXGroup;
			children = (
				75CD9C392332E8D30004C45B /* RSSFeedReader.app */,
				75CD9C512332E8D70004C45B /* RSSFeedReaderTests.xctest */,
				75CD9C5C2332E8D70004C45B /* RSSFeedReaderUITests.xctest */,
			);
			name = Products;
			sourceTree = "<group>";
		};
		75CD9C3B2332E8D30004C45B /* RSSFeedReader */ = {
			isa = PBXGroup;
			children = (
				75CD9C8F2334928E0004C45B /* AppDelegate */,
				75CD9C8D233492650004C45B /* CollectionsViewLayout */,
				75CD9C89233449BF0004C45B /* DataModels */,
				75CD9C8E233492800004C45B /* RSSParser */,
				75CD9C8C233492540004C45B /* Utils */,
				75CD9C8B233492340004C45B /* ViewControllers */,
				75CD9C8A233449DE0004C45B /* Views */,
				75CD9C452332E8D60004C45B /* Assets.xcassets */,
				75CD9C472332E8D60004C45B /* LaunchScreen.storyboard */,
				75CD9C4A2332E8D60004C45B /* Info.plist */,
				75CD9C4B2332E8D60004C45B /* main.m */,
			);
			path = RSSFeedReader;
			sourceTree = "<group>";
		};
		75CD9C542332E8D70004C45B /* RSSFeedReaderTests */ = {
			isa = PBXGroup;
			children = (
				75CD9C552332E8D70004C45B /* RSSFeedReaderTests.m */,
				75CD9C572332E8D70004C45B /* Info.plist */,
			);
			path = RSSFeedReaderTests;
			sourceTree = "<group>";
		};
		75CD9C5F2332E8D70004C45B /* RSSFeedReaderUITests */ = {
			isa = PBXGroup;
			children = (
				75CD9C602332E8D70004C45B /* RSSFeedReaderUITests.m */,
				75CD9C622332E8D70004C45B /* Info.plist */,
			);
			path = RSSFeedReaderUITests;
			sourceTree = "<group>";
		};
		75CD9C89233449BF0004C45B /* DataModels */ = {
			isa = PBXGroup;
			children = (
				75CD9C742332FA920004C45B /* Article.h */,
				75CD9C752332FA920004C45B /* Article.m */,
				75CD9C7723330ADD0004C45B /* Media.h */,
				75CD9C7823330ADD0004C45B /* Media.m */,
			);
			path = DataModels;
			sourceTree = "<group>";
		};
		75CD9C8A233449DE0004C45B /* Views */ = {
			isa = PBXGroup;
			children = (
				75CD9C8323342B320004C45B /* CardView.h */,
				75CD9C8423342B320004C45B /* CardView.m */,
				75CD9C7D233332350004C45B /* FeedPostCell.h */,
				75CD9C7E233332350004C45B /* FeedPostCell.m */,
			);
			path = Views;
			sourceTree = "<group>";
		};
		75CD9C8B233492340004C45B /* ViewControllers */ = {
			isa = PBXGroup;
			children = (
				75CD9C3F2332E8D30004C45B /* RSSFeedReaderViewController.h */,
				75CD9C402332E8D30004C45B /* RSSFeedReaderViewController.m */,
				75CD9C80233353B30004C45B /* WebPageViewController.h */,
				75CD9C81233353B30004C45B /* WebPageViewController.m */,
			);
			path = ViewControllers;
			sourceTree = "<group>";
		};
		75CD9C8C233492540004C45B /* Utils */ = {
			isa = PBXGroup;
			children = (
				75CD9C86233433970004C45B /* Utils.h */,
				75CD9C87233433970004C45B /* Utils.m */,
			);
			path = Utils;
			sourceTree = "<group>";
		};
		75CD9C8D233492650004C45B /* CollectionsViewLayout */ = {
			isa = PBXGroup;
			children = (
				75CD9C7A23332F170004C45B /* RSSFeedReaderLayout.h */,
				75CD9C7B23332F170004C45B /* RSSFeedReaderLayout.m */,
			);
			path = CollectionsViewLayout;
			sourceTree = "<group>";
		};
		75CD9C8E233492800004C45B /* RSSParser */ = {
			isa = PBXGroup;
			children = (
				75CD9C712332EF070004C45B /* RSSParser.h */,
				75CD9C722332EF070004C45B /* RSSParser.m */,
			);
			path = RSSParser;
			sourceTree = "<group>";
		};
		75CD9C8F2334928E0004C45B /* AppDelegate */ = {
			isa = PBXGroup;
			children = (
				75CD9C3C2332E8D30004C45B /* AppDelegate.h */,
				75CD9C3D2332E8D30004C45B /* AppDelegate.m */,
			);
			path = AppDelegate;
			sourceTree = "<group>";
		};
/* End PBXGroup section */

/* Begin PBXNativeTarget section */
		75CD9C382332E8D30004C45B /* RSSFeedReader */ = {
			isa = PBXNativeTarget;
			buildConfigurationList = 75CD9C652332E8D70004C45B /* Build configuration list for PBXNativeTarget "RSSFeedReader" */;
			buildPhases = (
				75CD9C352332E8D30004C45B /* Sources */,
				75CD9C362332E8D30004C45B /* Frameworks */,
				75CD9C372332E8D30004C45B /* Resources */,
			);
			buildRules = (
			);
			dependencies = (
			);
			name = RSSFeedReader;
			productName = RSSFeedReader;
			productReference = 75CD9C392332E8D30004C45B /* RSSFeedReader.app */;
			productType = "com.apple.product-type.application";
		};
		75CD9C502332E8D70004C45B /* RSSFeedReaderTests */ = {
			isa = PBXNativeTarget;
			buildConfigurationList = 75CD9C682332E8D70004C45B /* Build configuration list for PBXNativeTarget "RSSFeedReaderTests" */;
			buildPhases = (
				75CD9C4D2332E8D70004C45B /* Sources */,
				75CD9C4E2332E8D70004C45B /* Frameworks */,
				75CD9C4F2332E8D70004C45B /* Resources */,
			);
			buildRules = (
			);
			dependencies = (
				75CD9C532332E8D70004C45B /* PBXTargetDependency */,
			);
			name = RSSFeedReaderTests;
			productName = RSSFeedReaderTests;
			productReference = 75CD9C512332E8D70004C45B /* RSSFeedReaderTests.xctest */;
			productType = "com.apple.product-type.bundle.unit-test";
		};
		75CD9C5B2332E8D70004C45B /* RSSFeedReaderUITests */ = {
			isa = PBXNativeTarget;
			buildConfigurationList = 75CD9C6B2332E8D70004C45B /* Build configuration list for PBXNativeTarget "RSSFeedReaderUITests" */;
			buildPhases = (
				75CD9C582332E8D70004C45B /* Sources */,
				75CD9C592332E8D70004C45B /* Frameworks */,
				75CD9C5A2332E8D70004C45B /* Resources */,
			);
			buildRules = (
			);
			dependencies = (
				75CD9C5E2332E8D70004C45B /* PBXTargetDependency */,
			);
			name = RSSFeedReaderUITests;
			productName = RSSFeedReaderUITests;
			productReference = 75CD9C5C2332E8D70004C45B /* RSSFeedReaderUITests.xctest */;
			productType = "com.apple.product-type.bundle.ui-testing";
		};
/* End PBXNativeTarget section */

/* Begin PBXProject section */
		75CD9C312332E8D30004C45B /* Project object */ = {
			isa = PBXProject;
			attributes = {
				LastUpgradeCheck = 1020;
				ORGANIZATIONNAME = "Qi Zhan";
				TargetAttributes = {
					75CD9C382332E8D30004C45B = {
						CreatedOnToolsVersion = 10.2;
					};
					75CD9C502332E8D70004C45B = {
						CreatedOnToolsVersion = 10.2;
						TestTargetID = 75CD9C382332E8D30004C45B;
					};
					75CD9C5B2332E8D70004C45B = {
						CreatedOnToolsVersion = 10.2;
						TestTargetID = 75CD9C382332E8D30004C45B;
					};
				};
			};
			buildConfigurationList = 75CD9C342332E8D30004C45B /* Build configuration list for PBXProject "RSSFeedReader" */;
			compatibilityVersion = "Xcode 9.3";
			developmentRegion = en;
			hasScannedForEncodings = 0;
			knownRegions = (
				en,
				Base,
			);
			mainGroup = 75CD9C302332E8D30004C45B;
			productRefGroup = 75CD9C3A2332E8D30004C45B /* Products */;
			projectDirPath = "";
			projectRoot = "";
			targets = (
				75CD9C382332E8D30004C45B /* RSSFeedReader */,
				75CD9C502332E8D70004C45B /* RSSFeedReaderTests */,
				75CD9C5B2332E8D70004C45B /* RSSFeedReaderUITests */,
			);
		};
/* End PBXProject section */

/* Begin PBXResourcesBuildPhase section */
		75CD9C372332E8D30004C45B /* Resources */ = {
			isa = PBXResourcesBuildPhase;
			buildActionMask = 2147483647;
			files = (
				75CD9C492332E8D60004C45B /* LaunchScreen.storyboard in Resources */,
				75CD9C462332E8D60004C45B /* Assets.xcassets in Resources */,
			);
			runOnlyForDeploymentPostprocessing = 0;
		};
		75CD9C4F2332E8D70004C45B /* Resources */ = {
			isa = PBXResourcesBuildPhase;
			buildActionMask = 2147483647;
			files = (
			);
			runOnlyForDeploymentPostprocessing = 0;
		};
		75CD9C5A2332E8D70004C45B /* Resources */ = {
			isa = PBXResourcesBuildPhase;
			buildActionMask = 2147483647;
			files = (
			);
			runOnlyForDeploymentPostprocessing = 0;
		};
/* End PBXResourcesBuildPhase section */

/* Begin PBXSourcesBuildPhase section */
		75CD9C352332E8D30004C45B /* Sources */ = {
			isa = PBXSourcesBuildPhase;
			buildActionMask = 2147483647;
			files = (
				75CD9C7923330ADD0004C45B /* Media.m in Sources */,
				75CD9C762332FA920004C45B /* Article.m in Sources */,
				75CD9C412332E8D30004C45B /* RSSFeedReaderViewController.m in Sources */,
				75CD9C7F233332350004C45B /* FeedPostCell.m in Sources */,
				75CD9C88233433970004C45B /* Utils.m in Sources */,
				75CD9C8523342B320004C45B /* CardView.m in Sources */,
				75CD9C82233353B30004C45B /* WebPageViewController.m in Sources */,
				75CD9C4C2332E8D60004C45B /* main.m in Sources */,
				75CD9C3E2332E8D30004C45B /* AppDelegate.m in Sources */,
				75CD9C732332EF070004C45B /* RSSParser.m in Sources */,
				75CD9C7C23332F170004C45B /* RSSFeedReaderLayout.m in Sources */,
			);
			runOnlyForDeploymentPostprocessing = 0;
		};
		75CD9C4D2332E8D70004C45B /* Sources */ = {
			isa = PBXSourcesBuildPhase;
			buildActionMask = 2147483647;
			files = (
				75CD9C562332E8D70004C45B /* RSSFeedReaderTests.m in Sources */,
			);
			runOnlyForDeploymentPostprocessing = 0;
		};
		75CD9C582332E8D70004C45B /* Sources */ = {
			isa = PBXSourcesBuildPhase;
			buildActionMask = 2147483647;
			files = (
				75CD9C612332E8D70004C45B /* RSSFeedReaderUITests.m in Sources */,
			);
			runOnlyForDeploymentPostprocessing = 0;
		};
/* End PBXSourcesBuildPhase section */

/* Begin PBXTargetDependency section */
		75CD9C532332E8D70004C45B /* PBXTargetDependency */ = {
			isa = PBXTargetDependency;
			target = 75CD9C382332E8D30004C45B /* RSSFeedReader */;
			targetProxy = 75CD9C522332E8D70004C45B /* PBXContainerItemProxy */;
		};
		75CD9C5E2332E8D70004C45B /* PBXTargetDependency */ = {
			isa = PBXTargetDependency;
			target = 75CD9C382332E8D30004C45B /* RSSFeedReader */;
			targetProxy = 75CD9C5D2332E8D70004C45B /* PBXContainerItemProxy */;
		};
/* End PBXTargetDependency section */

/* Begin PBXVariantGroup section */
		75CD9C472332E8D60004C45B /* LaunchScreen.storyboard */ = {
			isa = PBXVariantGroup;
			children = (
				75CD9C482332E8D60004C45B /* Base */,
			);
			name = LaunchScreen.storyboard;
			sourceTree = "<group>";
		};
/* End PBXVariantGroup section */

/* Begin XCBuildConfiguration section */
		75CD9C632332E8D70004C45B /* Debug */ = {
			isa = XCBuildConfiguration;
			buildSettings = {
				ALWAYS_SEARCH_USER_PATHS = NO;
				CLANG_ANALYZER_NONNULL = YES;
				CLANG_ANALYZER_NUMBER_OBJECT_CONVERSION = YES_AGGRESSIVE;
				CLANG_CXX_LANGUAGE_STANDARD = "gnu++14";
				CLANG_CXX_LIBRARY = "libc++";
				CLANG_ENABLE_MODULES = YES;
				CLANG_ENABLE_OBJC_ARC = YES;
				CLANG_ENABLE_OBJC_WEAK = YES;
				CLANG_WARN_BLOCK_CAPTURE_AUTORELEASING = YES;
				CLANG_WARN_BOOL_CONVERSION = YES;
				CLANG_WARN_COMMA = YES;
				CLANG_WARN_CONSTANT_CONVERSION = YES;
				CLANG_WARN_DEPRECATED_OBJC_IMPLEMENTATIONS = YES;
				CLANG_WARN_DIRECT_OBJC_ISA_USAGE = YES_ERROR;
				CLANG_WARN_DOCUMENTATION_COMMENTS = YES;
				CLANG_WARN_EMPTY_BODY = YES;
				CLANG_WARN_ENUM_CONVERSION = YES;
				CLANG_WARN_INFINITE_RECURSION = YES;
				CLANG_WARN_INT_CONVERSION = YES;
				CLANG_WARN_NON_LITERAL_NULL_CONVERSION = YES;
				CLANG_WARN_OBJC_IMPLICIT_RETAIN_SELF = YES;
				CLANG_WARN_OBJC_LITERAL_CONVERSION = YES;
				CLANG_WARN_OBJC_ROOT_CLASS = YES_ERROR;
				CLANG_WARN_RANGE_LOOP_ANALYSIS = YES;
				CLANG_WARN_STRICT_PROTOTYPES = YES;
				CLANG_WARN_SUSPICIOUS_MOVE = YES;
				CLANG_WARN_UNGUARDED_AVAILABILITY = YES_AGGRESSIVE;
				CLANG_WARN_UNREACHABLE_CODE = YES;
				CLANG_WARN__DUPLICATE_METHOD_MATCH = YES;
				CODE_SIGN_IDENTITY = "iPhone Developer";
				COPY_PHASE_STRIP = NO;
				DEBUG_INFORMATION_FORMAT = dwarf;
				ENABLE_STRICT_OBJC_MSGSEND = YES;
				ENABLE_TESTABILITY = YES;
				GCC_C_LANGUAGE_STANDARD = gnu11;
				GCC_DYNAMIC_NO_PIC = NO;
				GCC_NO_COMMON_BLOCKS = YES;
				GCC_OPTIMIZATION_LEVEL = 0;
				GCC_PREPROCESSOR_DEFINITIONS = (
					"DEBUG=1",
					"$(inherited)",
				);
				GCC_WARN_64_TO_32_BIT_CONVERSION = YES;
				GCC_WARN_ABOUT_RETURN_TYPE = YES_ERROR;
				GCC_WARN_UNDECLARED_SELECTOR = YES;
				GCC_WARN_UNINITIALIZED_AUTOS = YES_AGGRESSIVE;
				GCC_WARN_UNUSED_FUNCTION = YES;
				GCC_WARN_UNUSED_VARIABLE = YES;
				IPHONEOS_DEPLOYMENT_TARGET = 12.2;
				MTL_ENABLE_DEBUG_INFO = INCLUDE_SOURCE;
				MTL_FAST_MATH = YES;
				ONLY_ACTIVE_ARCH = YES;
				SDKROOT = iphoneos;
			};
			name = Debug;
		};
		75CD9C642332E8D70004C45B /* Release */ = {
			isa = XCBuildConfiguration;
			buildSettings = {
				ALWAYS_SEARCH_USER_PATHS = NO;
				CLANG_ANALYZER_NONNULL = YES;
				CLANG_ANALYZER_NUMBER_OBJECT_CONVERSION = YES_AGGRESSIVE;
				CLANG_CXX_LANGUAGE_STANDARD = "gnu++14";
				CLANG_CXX_LIBRARY = "libc++";
				CLANG_ENABLE_MODULES = YES;
				CLANG_ENABLE_OBJC_ARC = YES;
				CLANG_ENABLE_OBJC_WEAK = YES;
				CLANG_WARN_BLOCK_CAPTURE_AUTORELEASING = YES;
				CLANG_WARN_BOOL_CONVERSION = YES;
				CLANG_WARN_COMMA = YES;
				CLANG_WARN_CONSTANT_CONVERSION = YES;
				CLANG_WARN_DEPRECATED_OBJC_IMPLEMENTATIONS = YES;
				CLANG_WARN_DIRECT_OBJC_ISA_USAGE = YES_ERROR;
				CLANG_WARN_DOCUMENTATION_COMMENTS = YES;
				CLANG_WARN_EMPTY_BODY = YES;
				CLANG_WARN_ENUM_CONVERSION = YES;
				CLANG_WARN_INFINITE_RECURSION = YES;
				CLANG_WARN_INT_CONVERSION = YES;
				CLANG_WARN_NON_LITERAL_NULL_CONVERSION = YES;
				CLANG_WARN_OBJC_IMPLICIT_RETAIN_SELF = YES;
				CLANG_WARN_OBJC_LITERAL_CONVERSION = YES;
				CLANG_WARN_OBJC_ROOT_CLASS = YES_ERROR;
				CLANG_WARN_RANGE_LOOP_ANALYSIS = YES;
				CLANG_WARN_STRICT_PROTOTYPES = YES;
				CLANG_WARN_SUSPICIOUS_MOVE = YES;
				CLANG_WARN_UNGUARDED_AVAILABILITY = YES_AGGRESSIVE;
				CLANG_WARN_UNREACHABLE_CODE = YES;
				CLANG_WARN__DUPLICATE_METHOD_MATCH = YES;
				CODE_SIGN_IDENTITY = "iPhone Developer";
				COPY_PHASE_STRIP = NO;
				DEBUG_INFORMATION_FORMAT = "dwarf-with-dsym";
				ENABLE_NS_ASSERTIONS = NO;
				ENABLE_STRICT_OBJC_MSGSEND = YES;
				GCC_C_LANGUAGE_STANDARD = gnu11;
				GCC_NO_COMMON_BLOCKS = YES;
				GCC_WARN_64_TO_32_BIT_CONVERSION = YES;
				GCC_WARN_ABOUT_RETURN_TYPE = YES_ERROR;
				GCC_WARN_UNDECLARED_SELECTOR = YES;
				GCC_WARN_UNINITIALIZED_AUTOS = YES_AGGRESSIVE;
				GCC_WARN_UNUSED_FUNCTION = YES;
				GCC_WARN_UNUSED_VARIABLE = YES;
				IPHONEOS_DEPLOYMENT_TARGET = 12.2;
				MTL_ENABLE_DEBUG_INFO = NO;
				MTL_FAST_MATH = YES;
				SDKROOT = iphoneos;
				VALIDATE_PRODUCT = YES;
			};
			name = Release;
		};
		75CD9C662332E8D70004C45B /* Debug */ = {
			isa = XCBuildConfiguration;
			buildSettings = {
				ASSETCATALOG_COMPILER_APPICON_NAME = AppIcon;
				CODE_SIGN_STYLE = Automatic;
				DEVELOPMENT_TEAM = WHLVPA84MS;
				INFOPLIST_FILE = RSSFeedReader/Info.plist;
				LD_RUNPATH_SEARCH_PATHS = (
					"$(inherited)",
					"@executable_path/Frameworks",
				);
				PRODUCT_BUNDLE_IDENTIFIER = qi.RSSFeedReader;
				PRODUCT_NAME = "$(TARGET_NAME)";
				TARGETED_DEVICE_FAMILY = "1,2";
			};
			name = Debug;
		};
		75CD9C672332E8D70004C45B /* Release */ = {
			isa = XCBuildConfiguration;
			buildSettings = {
				ASSETCATALOG_COMPILER_APPICON_NAME = AppIcon;
				CODE_SIGN_STYLE = Automatic;
				DEVELOPMENT_TEAM = WHLVPA84MS;
				INFOPLIST_FILE = RSSFeedReader/Info.plist;
				LD_RUNPATH_SEARCH_PATHS = (
					"$(inherited)",
					"@executable_path/Frameworks",
				);
				PRODUCT_BUNDLE_IDENTIFIER = qi.RSSFeedReader;
				PRODUCT_NAME = "$(TARGET_NAME)";
				TARGETED_DEVICE_FAMILY = "1,2";
			};
			name = Release;
		};
		75CD9C692332E8D70004C45B /* Debug */ = {
			isa = XCBuildConfiguration;
			buildSettings = {
				BUNDLE_LOADER = "$(TEST_HOST)";
				CODE_SIGN_STYLE = Automatic;
				DEVELOPMENT_TEAM = WHLVPA84MS;
				INFOPLIST_FILE = RSSFeedReaderTests/Info.plist;
				LD_RUNPATH_SEARCH_PATHS = (
					"$(inherited)",
					"@executable_path/Frameworks",
					"@loader_path/Frameworks",
				);
				PRODUCT_BUNDLE_IDENTIFIER = qi.RSSFeedReaderTests;
				PRODUCT_NAME = "$(TARGET_NAME)";
				TARGETED_DEVICE_FAMILY = "1,2";
				TEST_HOST = "$(BUILT_PRODUCTS_DIR)/RSSFeedReader.app/RSSFeedReader";
			};
			name = Debug;
		};
		75CD9C6A2332E8D70004C45B /* Release */ = {
			isa = XCBuildConfiguration;
			buildSettings = {
				BUNDLE_LOADER = "$(TEST_HOST)";
				CODE_SIGN_STYLE = Automatic;
				DEVELOPMENT_TEAM = WHLVPA84MS;
				INFOPLIST_FILE = RSSFeedReaderTests/Info.plist;
				LD_RUNPATH_SEARCH_PATHS = (
					"$(inherited)",
					"@executable_path/Frameworks",
					"@loader_path/Frameworks",
				);
				PRODUCT_BUNDLE_IDENTIFIER = qi.RSSFeedReaderTests;
				PRODUCT_NAME = "$(TARGET_NAME)";
				TARGETED_DEVICE_FAMILY = "1,2";
				TEST_HOST = "$(BUILT_PRODUCTS_DIR)/RSSFeedReader.app/RSSFeedReader";
			};
			name = Release;
		};
		75CD9C6C2332E8D70004C45B /* Debug */ = {
			isa = XCBuildConfiguration;
			buildSettings = {
				CODE_SIGN_STYLE = Automatic;
				DEVELOPMENT_TEAM = WHLVPA84MS;
				INFOPLIST_FILE = RSSFeedReaderUITests/Info.plist;
				LD_RUNPATH_SEARCH_PATHS = (
					"$(inherited)",
					"@executable_path/Frameworks",
					"@loader_path/Frameworks",
				);
				PRODUCT_BUNDLE_IDENTIFIER = qi.RSSFeedReaderUITests;
				PRODUCT_NAME = "$(TARGET_NAME)";
				TARGETED_DEVICE_FAMILY = "1,2";
				TEST_TARGET_NAME = RSSFeedReader;
			};
			name = Debug;
		};
		75CD9C6D2332E8D70004C45B /* Release */ = {
			isa = XCBuildConfiguration;
			buildSettings = {
				CODE_SIGN_STYLE = Automatic;
				DEVELOPMENT_TEAM = WHLVPA84MS;
				INFOPLIST_FILE = RSSFeedReaderUITests/Info.plist;
				LD_RUNPATH_SEARCH_PATHS = (
					"$(inherited)",
					"@executable_path/Frameworks",
					"@loader_path/Frameworks",
				);
				PRODUCT_BUNDLE_IDENTIFIER = qi.RSSFeedReaderUITests;
				PRODUCT_NAME = "$(TARGET_NAME)";
				TARGETED_DEVICE_FAMILY = "1,2";
				TEST_TARGET_NAME = RSSFeedReader;
			};
			name = Release;
		};
/* End XCBuildConfiguration section */

/* Begin XCConfigurationList section */
		75CD9C342332E8D30004C45B /* Build configuration list for PBXProject "RSSFeedReader" */ = {
			isa = XCConfigurationList;
			buildConfigurations = (
				75CD9C632332E8D70004C45B /* Debug */,
				75CD9C642332E8D70004C45B /* Release */,
			);
			defaultConfigurationIsVisible = 0;
			defaultConfigurationName = Release;
		};
		75CD9C652332E8D70004C45B /* Build configuration list for PBXNativeTarget "RSSFeedReader" */ = {
			isa = XCConfigurationList;
			buildConfigurations = (
				75CD9C662332E8D70004C45B /* Debug */,
				75CD9C672332E8D70004C45B /* Release */,
			);
			defaultConfigurationIsVisible = 0;
			defaultConfigurationName = Release;
		};
		75CD9C682332E8D70004C45B /* Build configuration list for PBXNativeTarget "RSSFeedReaderTests" */ = {
			isa = XCConfigurationList;
			buildConfigurations = (
				75CD9C692332E8D70004C45B /* Debug */,
				75CD9C6A2332E8D70004C45B /* Release */,
			);
			defaultConfigurationIsVisible = 0;
			defaultConfigurationName = Release;
		};
		75CD9C6B2332E8D70004C45B /* Build configuration list for PBXNativeTarget "RSSFeedReaderUITests" */ = {
			isa = XCConfigurationList;
			buildConfigurations = (
				75CD9C6C2332E8D70004C45B /* Debug */,
				75CD9C6D2332E8D70004C45B /* Release */,
			);
			defaultConfigurationIsVisible = 0;
			defaultConfigurationName = Release;
		};
/* End XCConfigurationList section */
	};
	rootObject = 75CD9C312332E8D30004C45B /* Project object */;
}
